
Microsoft Visual Studio Solution File, Format Version 12.00
# Visual Studio 14
VisualStudioVersion = 14.0.24720.0
MinimumVisualStudioVersion = 10.0.40219.1
Project("{FAE04EC0-301F-11D3-BF4B-00C04F79EFBC}") = "PetStore", "PetStore\PetStore.csproj", "{7525F347-C759-42F8-AF97-1C829A43D7F7}"
EndProject
Project("{2150E333-8FDC-42A3-9474-1A3956D46DE8}") = "PublishScripts", "PublishScripts", "{F8D84DFC-5642-45F1-8353-337BDE73BCD4}"
EndProject
Project("{2150E333-8FDC-42A3-9474-1A3956D46DE8}") = "Scripts", "Scripts", "{275C196A-CFDB-4076-B24C-3ACF27FD13EA}"
	ProjectSection(SolutionItems) = preProject
		PublishScripts\Scripts\Deploy-AzureResourceGroup.ps1 = PublishScripts\Scripts\Deploy-AzureResourceGroup.ps1
	EndProjectSection
EndProject
Project("{2150E333-8FDC-42A3-9474-1A3956D46DE8}") = "Templates", "Templates", "{B6E09CDC-5C73-4103-8A2F-27EB78728B1A}"
	ProjectSection(SolutionItems) = preProject
		PublishScripts\Templates\PetStore.json = PublishScripts\Templates\PetStore.json
		PublishScripts\Templates\PetStore.param.dev.json = PublishScripts\Templates\PetStore.param.dev.json
	EndProjectSection
EndProject
Global
	GlobalSection(SolutionConfigurationPlatforms) = preSolution
		Debug|Any CPU = Debug|Any CPU
		Release|Any CPU = Release|Any CPU
	EndGlobalSection
	GlobalSection(ProjectConfigurationPlatforms) = postSolution
		{7525F347-C759-42F8-AF97-1C829A43D7F7}.Debug|Any CPU.ActiveCfg = Debug|Any CPU
		{7525F347-C759-42F8-AF97-1C829A43D7F7}.Debug|Any CPU.Build.0 = Debug|Any CPU
		{7525F347-C759-42F8-AF97-1C829A43D7F7}.Release|Any CPU.ActiveCfg = Release|Any CPU
		{7525F347-C759-42F8-AF97-1C829A43D7F7}.Release|Any CPU.Build.0 = Release|Any CPU
	EndGlobalSection
	GlobalSection(SolutionProperties) = preSolution
		HideSolutionNode = FALSE
	EndGlobalSection
	GlobalSection(NestedProjects) = preSolution
		{275C196A-CFDB-4076-B24C-3ACF27FD13EA} = {F8D84DFC-5642-45F1-8353-337BDE73BCD4}
		{B6E09CDC-5C73-4103-8A2F-27EB78728B1A} = {F8D84DFC-5642-45F1-8353-337BDE73BCD4}
	EndGlobalSection
EndGlobal
